# THIS IS AN AUTOGENERATED FILE. DO NOT EDIT THIS FILE DIRECTLY.
# yarn lockfile v1


"@octokit/endpoint@^5.5.0":
  version "5.5.1"
  resolved "https://registry.yarnpkg.com/@octokit/endpoint/-/endpoint-5.5.1.tgz#2eea81e110ca754ff2de11c79154ccab4ae16b3f"
  dependencies:
    "@octokit/types" "^2.0.0"
    is-plain-object "^3.0.0"
    universal-user-agent "^4.0.0"

"@octokit/request-error@^1.0.1", "@octokit/request-error@^1.0.2":
  version "1.2.0"
  resolved "https://registry.yarnpkg.com/@octokit/request-error/-/request-error-1.2.0.tgz#a64d2a9d7a13555570cd79722de4a4d76371baaa"
  dependencies:
    "@octokit/types" "^2.0.0"
    deprecation "^2.0.0"
    once "^1.4.0"

"@octokit/request@^5.2.0":
  version "5.3.1"
  resolved "https://registry.yarnpkg.com/@octokit/request/-/request-5.3.1.tgz#3a1ace45e6f88b1be4749c5da963b3a3b4a2f120"
  dependencies:
    "@octokit/endpoint" "^5.5.0"
    "@octokit/request-error" "^1.0.1"
    "@octokit/types" "^2.0.0"
    deprecation "^2.0.0"
    is-plain-object "^3.0.0"
    node-fetch "^2.3.0"
    once "^1.4.0"
    universal-user-agent "^4.0.0"

"@octokit/rest@^16.35.0":
  version "16.35.0"
  resolved "https://registry.yarnpkg.com/@octokit/rest/-/rest-16.35.0.tgz#7ccc1f802f407d5b8eb21768c6deca44e7b4c0d8"
  dependencies:
    "@octokit/request" "^5.2.0"
    "@octokit/request-error" "^1.0.2"
    atob-lite "^2.0.0"
    before-after-hook "^2.0.0"
    btoa-lite "^1.0.0"
    deprecation "^2.0.0"
    lodash.get "^4.4.2"
    lodash.set "^4.3.2"
    lodash.uniq "^4.5.0"
    octokit-pagination-methods "^1.1.0"
    once "^1.4.0"
    universal-user-agent "^4.0.0"

"@octokit/types@^2.0.0":
  version "2.0.2"
  resolved "https://registry.yarnpkg.com/@octokit/types/-/types-2.0.2.tgz#0888497f5a664e28b0449731d5e88e19b2a74f90"
  dependencies:
    "@types/node" ">= 8"

"@types/node@>= 8":
  version "12.12.17"
  resolved "https://registry.yarnpkg.com/@types/node/-/node-12.12.17.tgz#191b71e7f4c325ee0fb23bc4a996477d92b8c39b"

atob-lite@^2.0.0:
  version "2.0.0"
  resolved "https://registry.yarnpkg.com/atob-lite/-/atob-lite-2.0.0.tgz#0fef5ad46f1bd7a8502c65727f0367d5ee43d696"

before-after-hook@^2.0.0:
  version "2.1.0"
  resolved "https://registry.yarnpkg.com/before-after-hook/-/before-after-hook-2.1.0.tgz#b6c03487f44e24200dd30ca5e6a1979c5d2fb635"

btoa-lite@^1.0.0:
  version "1.0.0"
  resolved "https://registry.yarnpkg.com/btoa-lite/-/btoa-lite-1.0.0.tgz#337766da15801210fdd956c22e9c6891ab9d0337"

clear@^0.1.0:
  version "0.1.0"
  resolved "https://registry.yarnpkg.com/clear/-/clear-0.1.0.tgz#b81b1e03437a716984fd7ac97c87d73bdfe7048a"

cli-color@0.3.2:
  version "0.3.2"
  resolved "https://registry.yarnpkg.com/cli-color/-/cli-color-0.3.2.tgz#75fa5f728c308cc4ac594b05e06cc5d80daccd86"
  dependencies:
    d "~0.1.1"
    es5-ext "~0.10.2"
    memoizee "0.3.x"
    timers-ext "0.1.x"

clui@^0.3.6:
  version "0.3.6"
  resolved "https://registry.yarnpkg.com/clui/-/clui-0.3.6.tgz#8e1e5cea7332a6e54083f59da0ccbe1d6f2fa787"
  dependencies:
    cli-color "0.3.2"

commander@^4.0.1:
  version "4.0.1"
  resolved "https://registry.yarnpkg.com/commander/-/commander-4.0.1.tgz#b67622721785993182e807f4883633e6401ba53c"

cross-spawn@^6.0.0:
  version "6.0.5"
  resolved "https://registry.yarnpkg.com/cross-spawn/-/cross-spawn-6.0.5.tgz#4a5ec7c64dfae22c3a14124dbacdee846d80cbc4"
  dependencies:
    nice-try "^1.0.4"
    path-key "^2.0.1"
    semver "^5.5.0"
    shebang-command "^1.2.0"
    which "^1.2.9"

d@1, d@^1.0.1:
  version "1.0.1"
  resolved "https://registry.yarnpkg.com/d/-/d-1.0.1.tgz#8698095372d58dbee346ffd0c7093f99f8f9eb5a"
  dependencies:
    es5-ext "^0.10.50"
    type "^1.0.1"

d@~0.1.1:
  version "0.1.1"
  resolved "https://registry.yarnpkg.com/d/-/d-0.1.1.tgz#da184c535d18d8ee7ba2aa229b914009fae11309"
  dependencies:
    es5-ext "~0.10.2"

deprecation@^2.0.0:
  version "2.3.1"
  resolved "https://registry.yarnpkg.com/deprecation/-/deprecation-2.3.1.tgz#6368cbdb40abf3373b525ac87e4a260c3a700919"

end-of-stream@^1.1.0:
  version "1.4.4"
  resolved "https://registry.yarnpkg.com/end-of-stream/-/end-of-stream-1.4.4.tgz#5ae64a5f45057baf3626ec14da0ca5e4b2431eb0"
  dependencies:
    once "^1.4.0"

es5-ext@^0.10.35, es5-ext@^0.10.50, es5-ext@~0.10.11, es5-ext@~0.10.14, es5-ext@~0.10.2, es5-ext@~0.10.46, es5-ext@~0.10.5, es5-ext@~0.10.6:
  version "0.10.53"
  resolved "https://registry.yarnpkg.com/es5-ext/-/es5-ext-0.10.53.tgz#93c5a3acfdbef275220ad72644ad02ee18368de1"
  dependencies:
    es6-iterator "~2.0.3"
    es6-symbol "~3.1.3"
    next-tick "~1.0.0"

es6-iterator@~0.1.3:
  version "0.1.3"
  resolved "https://registry.yarnpkg.com/es6-iterator/-/es6-iterator-0.1.3.tgz#d6f58b8c4fc413c249b4baa19768f8e4d7c8944e"
  dependencies:
    d "~0.1.1"
    es5-ext "~0.10.5"
    es6-symbol "~2.0.1"

es6-iterator@~2.0.3:
  version "2.0.3"
  resolved "https://registry.yarnpkg.com/es6-iterator/-/es6-iterator-2.0.3.tgz#a7de889141a05a94b0854403b2d0a0fbfa98f3b7"
  dependencies:
    d "1"
    es5-ext "^0.10.35"
    es6-symbol "^3.1.1"

es6-symbol@^3.1.1, es6-symbol@~3.1.3:
  version "3.1.3"
  resolved "https://registry.yarnpkg.com/es6-symbol/-/es6-symbol-3.1.3.tgz#bad5d3c1bcdac28269f4cb331e431c78ac705d18"
  dependencies:
    d "^1.0.1"
    ext "^1.1.2"

es6-symbol@~2.0.1:
  version "2.0.1"
  resolved "https://registry.yarnpkg.com/es6-symbol/-/es6-symbol-2.0.1.tgz#761b5c67cfd4f1d18afb234f691d678682cb3bf3"
  dependencies:
    d "~0.1.1"
    es5-ext "~0.10.5"

es6-weak-map@~0.1.4:
  version "0.1.4"
  resolved "https://registry.yarnpkg.com/es6-weak-map/-/es6-weak-map-0.1.4.tgz#706cef9e99aa236ba7766c239c8b9e286ea7d228"
  dependencies:
    d "~0.1.1"
    es5-ext "~0.10.6"
    es6-iterator "~0.1.3"
    es6-symbol "~2.0.1"

event-emitter@~0.3.4:
  version "0.3.5"
  resolved "https://registry.yarnpkg.com/event-emitter/-/event-emitter-0.3.5.tgz#df8c69eef1647923c7157b9ce83840610b02cc39"
  dependencies:
    d "1"
    es5-ext "~0.10.14"

execa@^1.0.0:
  version "1.0.0"
  resolved "https://registry.yarnpkg.com/execa/-/execa-1.0.0.tgz#c6236a5bb4df6d6f15e88e7f017798216749ddd8"
  dependencies:
    cross-spawn "^6.0.0"
    get-stream "^4.0.0"
    is-stream "^1.1.0"
    npm-run-path "^2.0.0"
    p-finally "^1.0.0"
    signal-exit "^3.0.0"
    strip-eof "^1.0.0"

ext@^1.1.2:
  version "1.4.0"
  resolved "https://registry.yarnpkg.com/ext/-/ext-1.4.0.tgz#89ae7a07158f79d35517882904324077e4379244"
  dependencies:
    type "^2.0.0"

get-stream@^4.0.0:
  version "4.1.0"
  resolved "https://registry.yarnpkg.com/get-stream/-/get-stream-4.1.0.tgz#c1b255575f3dc21d59bfc79cd3d2b46b1c3a54b5"
  dependencies:
    pump "^3.0.0"

is-plain-object@^3.0.0:
  version "3.0.0"
  resolved "https://registry.yarnpkg.com/is-plain-object/-/is-plain-object-3.0.0.tgz#47bfc5da1b5d50d64110806c199359482e75a928"
  dependencies:
    isobject "^4.0.0"

is-stream@^1.1.0:
  version "1.1.0"
  resolved "https://registry.yarnpkg.com/is-stream/-/is-stream-1.1.0.tgz#12d4a3dd4e68e0b79ceb8dbc84173ae80d91ca44"

isexe@^2.0.0:
  version "2.0.0"
  resolved "https://registry.yarnpkg.com/isexe/-/isexe-2.0.0.tgz#e8fbf374dc556ff8947a10dcb0572d633f2cfa10"

isobject@^4.0.0:
  version "4.0.0"
  resolved "https://registry.yarnpkg.com/isobject/-/isobject-4.0.0.tgz#3f1c9155e73b192022a80819bacd0343711697b0"

lodash.get@^4.4.2:
  version "4.4.2"
  resolved "https://registry.yarnpkg.com/lodash.get/-/lodash.get-4.4.2.tgz#2d177f652fa31e939b4438d5341499dfa3825e99"

lodash.set@^4.3.2:
  version "4.3.2"
  resolved "https://registry.yarnpkg.com/lodash.set/-/lodash.set-4.3.2.tgz#d8757b1da807dde24816b0d6a84bea1a76230b23"

lodash.uniq@^4.5.0:
  version "4.5.0"
  resolved "https://registry.yarnpkg.com/lodash.uniq/-/lodash.uniq-4.5.0.tgz#d0225373aeb652adc1bc82e4945339a842754773"

lru-queue@0.1:
  version "0.1.0"
  resolved "https://registry.yarnpkg.com/lru-queue/-/lru-queue-0.1.0.tgz#2738bd9f0d3cf4f84490c5736c48699ac632cda3"
  dependencies:
    es5-ext "~0.10.2"

macos-release@^2.2.0:
  version "2.3.0"
  resolved "https://registry.yarnpkg.com/macos-release/-/macos-release-2.3.0.tgz#eb1930b036c0800adebccd5f17bc4c12de8bb71f"

memoizee@0.3.x:
  version "0.3.10"
  resolved "https://registry.yarnpkg.com/memoizee/-/memoizee-0.3.10.tgz#4eca0d8aed39ec9d017f4c5c2f2f6432f42e5c8f"
  dependencies:
    d "~0.1.1"
    es5-ext "~0.10.11"
    es6-weak-map "~0.1.4"
    event-emitter "~0.3.4"
    lru-queue "0.1"
    next-tick "~0.2.2"
    timers-ext "0.1"

next-tick@1, next-tick@~1.0.0:
  version "1.0.0"
  resolved "https://registry.yarnpkg.com/next-tick/-/next-tick-1.0.0.tgz#ca86d1fe8828169b0120208e3dc8424b9db8342c"

next-tick@~0.2.2:
  version "0.2.2"
  resolved "https://registry.yarnpkg.com/next-tick/-/next-tick-0.2.2.tgz#75da4a927ee5887e39065880065b7336413b310d"

nice-try@^1.0.4:
  version "1.0.5"
  resolved "https://registry.yarnpkg.com/nice-try/-/nice-try-1.0.5.tgz#a3378a7696ce7d223e88fc9b764bd7ef1089e366"

node-fetch@^2.3.0:
  version "2.6.7"
  resolved "https://registry.yarnpkg.com/node-fetch/-/node-fetch-2.6.7.tgz#24de9fba827e3b4ae44dc8b20256a379160052ad"
  dependencies:
    whatwg-url "^5.0.0"

npm-run-path@^2.0.0:
  version "2.0.2"
  resolved "https://registry.yarnpkg.com/npm-run-path/-/npm-run-path-2.0.2.tgz#35a9232dfa35d7067b4cb2ddf2357b1871536c5f"
  dependencies:
    path-key "^2.0.0"

octokit-pagination-methods@^1.1.0:
  version "1.1.0"
  resolved "https://registry.yarnpkg.com/octokit-pagination-methods/-/octokit-pagination-methods-1.1.0.tgz#cf472edc9d551055f9ef73f6e42b4dbb4c80bea4"

once@^1.3.1, once@^1.4.0:
  version "1.4.0"
  resolved "https://registry.yarnpkg.com/once/-/once-1.4.0.tgz#583b1aa775961d4b113ac17d9c50baef9dd76bd1"
  dependencies:
    wrappy "1"

os-name@^3.1.0:
  version "3.1.0"
  resolved "https://registry.yarnpkg.com/os-name/-/os-name-3.1.0.tgz#dec19d966296e1cd62d701a5a66ee1ddeae70801"
  dependencies:
    macos-release "^2.2.0"
    windows-release "^3.1.0"

p-finally@^1.0.0:
  version "1.0.0"
  resolved "https://registry.yarnpkg.com/p-finally/-/p-finally-1.0.0.tgz#3fbcfb15b899a44123b34b6dcc18b724336a2cae"

path-key@^2.0.0, path-key@^2.0.1:
  version "2.0.1"
  resolved "https://registry.yarnpkg.com/path-key/-/path-key-2.0.1.tgz#411cadb574c5a140d3a4b1910d40d80cc9f40b40"

pump@^3.0.0:
  version "3.0.0"
  resolved "https://registry.yarnpkg.com/pump/-/pump-3.0.0.tgz#b4a2116815bde2f4e1ea602354e8c75565107a64"
  dependencies:
    end-of-stream "^1.1.0"
    once "^1.3.1"

semver@^5.5.0:
  version "5.7.1"
  resolved "https://registry.yarnpkg.com/semver/-/semver-5.7.1.tgz#a954f931aeba508d307bbf069eff0c01c96116f7"

shebang-command@^1.2.0:
  version "1.2.0"
  resolved "https://registry.yarnpkg.com/shebang-command/-/shebang-command-1.2.0.tgz#44aac65b695b03398968c39f363fee5deafdf1ea"
  dependencies:
    shebang-regex "^1.0.0"

shebang-regex@^1.0.0:
  version "1.0.0"
  resolved "https://registry.yarnpkg.com/shebang-regex/-/shebang-regex-1.0.0.tgz#da42f49740c0b42db2ca9728571cb190c98efea3"

signal-exit@^3.0.0:
  version "3.0.2"
  resolved "https://registry.yarnpkg.com/signal-exit/-/signal-exit-3.0.2.tgz#b5fdc08f1287ea1178628e415e25132b73646c6d"

strip-eof@^1.0.0:
  version "1.0.0"
  resolved "https://registry.yarnpkg.com/strip-eof/-/strip-eof-1.0.0.tgz#bb43ff5598a6eb05d89b59fcd129c983313606bf"

timers-ext@0.1, timers-ext@0.1.x:
  version "0.1.7"
  resolved "https://registry.yarnpkg.com/timers-ext/-/timers-ext-0.1.7.tgz#6f57ad8578e07a3fb9f91d9387d65647555e25c6"
  dependencies:
    es5-ext "~0.10.46"
    next-tick "1"

tr46@~0.0.3:
  version "0.0.3"
  resolved "https://registry.yarnpkg.com/tr46/-/tr46-0.0.3.tgz#8184fd347dac9cdc185992f3a6622e14b9d9ab6a"

type@^1.0.1:
  version "1.2.0"
  resolved "https://registry.yarnpkg.com/type/-/type-1.2.0.tgz#848dd7698dafa3e54a6c479e759c4bc3f18847a0"

type@^2.0.0:
  version "2.0.0"
  resolved "https://registry.yarnpkg.com/type/-/type-2.0.0.tgz#5f16ff6ef2eb44f260494dae271033b29c09a9c3"

universal-user-agent@^4.0.0:
  version "4.0.0"
  resolved "https://registry.yarnpkg.com/universal-user-agent/-/universal-user-agent-4.0.0.tgz#27da2ec87e32769619f68a14996465ea1cb9df16"
  dependencies:
    os-name "^3.1.0"

webidl-conversions@^3.0.0:
  version "3.0.1"
  resolved "https://registry.yarnpkg.com/webidl-conversions/-/webidl-conversions-3.0.1.tgz#24534275e2a7bc6be7bc86611cc16ae0a5654871"

whatwg-url@^5.0.0:
  version "5.0.0"
  resolved "https://registry.yarnpkg.com/whatwg-url/-/whatwg-url-5.0.0.tgz#966454e8765462e37644d3626f6742ce8b70965d"
  dependencies:
    tr46 "~0.0.3"
    webidl-conversions "^3.0.0"

which@^1.2.9:
  version "1.3.1"
  resolved "https://registry.yarnpkg.com/which/-/which-1.3.1.tgz#a45043d54f5805316da8d62f9f50918d3da70b0a"
  dependencies:
    isexe "^2.0.0"

windows-release@^3.1.0:
  version "3.2.0"
  resolved "https://registry.yarnpkg.com/windows-release/-/windows-release-3.2.0.tgz#8122dad5afc303d833422380680a79cdfa91785f"
  dependencies:
    execa "^1.0.0"

wrappy@1:
  version "1.0.2"
  resolved "https://registry.yarnpkg.com/wrappy/-/wrappy-1.0.2.tgz#b5243d8f3ec1aa35f1364605bc0d1036e30ab69f"
